
Microsoft Visual Studio Solution File, Format Version 12.00
# Visual Studio Version 17
VisualStudioVersion = 17.1.32407.343
MinimumVisualStudioVersion = 10.0.40219.1
Project("{2150E333-8FDC-42A3-9474-1A3956D46DE8}") = "src", "src", "{CE0C3CD8-99C6-4480-BD12-F08A7B5E1C09}"
EndProject
Project("{2150E333-8FDC-42A3-9474-1A3956D46DE8}") = "building Blocks", "building Blocks", "{8530C695-05A5-4D9D-9156-D59A01D5B9C4}"
EndProject
Project("{2150E333-8FDC-42A3-9474-1A3956D46DE8}") = "Services", "Services", "{B3952633-F430-4513-B3BC-0E66083A0C88}"
EndProject
Project("{2150E333-8FDC-42A3-9474-1A3956D46DE8}") = "Web", "Web", "{ED9F4707-22B5-4C8A-95A8-7DC723C0CE9E}"
EndProject
Project("{9A19103F-16F7-4668-BE54-9A1E7A4F7556}") = "NSE.Identidade.API", "src\services\NSE.Identidade.API\NSE.Identidade.API.csproj", "{46D8EC12-6E6F-4C21-8A32-857350F70853}"
EndProject
Project("{2150E333-8FDC-42A3-9474-1A3956D46DE8}") = "MVC", "MVC", "{BE359FFF-DCE1-4C8F-8521-EF12A6C89782}"
EndProject
Project("{9A19103F-16F7-4668-BE54-9A1E7A4F7556}") = "NSE.WebApp.MVC", "src\Web\MVC\NSE.WebApp.MVC\NSE.WebApp.MVC.csproj", "{359A47B6-62F4-4297-8BE2-EAEA7C8840C1}"
EndProject
Project("{9A19103F-16F7-4668-BE54-9A1E7A4F7556}") = "NSE.Carrinho.API", "src\Services\NSE.Carrinho.Api\NSE.Carrinho.API.csproj", "{C8786ADC-0DA9-4EA1-A712-992A764C899A}"
EndProject
Project("{9A19103F-16F7-4668-BE54-9A1E7A4F7556}") = "NSE.Catalogo.API", "src\Services\NSE.Catalogo.API\NSE.Catalogo.API.csproj", "{131AD5BB-2C92-4D8B-BACC-8BA0A5D03E4B}"
EndProject
Project("{9A19103F-16F7-4668-BE54-9A1E7A4F7556}") = "NSE.Cliente.API", "src\Services\NSE.Cliente.API\NSE.Cliente.API.csproj", "{006A2C71-4A77-4D95-9CA7-C32676DCBF71}"
EndProject
Project("{9A19103F-16F7-4668-BE54-9A1E7A4F7556}") = "NSE.Pagamento.API", "src\Services\NSE.Pagamento.API\NSE.Pagamento.API.csproj", "{D2634914-CA02-4346-A0B0-5932A777A0B3}"
EndProject
Project("{9A19103F-16F7-4668-BE54-9A1E7A4F7556}") = "NSE.Pedido.API", "src\Services\NSE.Pedido.API\NSE.Pedido.API.csproj", "{F6F71F21-27FE-47E3-A699-8C535C2DB7CA}"
EndProject
Project("{2150E333-8FDC-42A3-9474-1A3956D46DE8}") = "Carrinho", "Carrinho", "{4B0F91C0-7743-4D5F-8F18-6F797674CD7E}"
EndProject
Project("{2150E333-8FDC-42A3-9474-1A3956D46DE8}") = "Catalogo", "Catalogo", "{357C7572-050A-4AE1-95BA-56E548C6BF95}"
EndProject
Project("{2150E333-8FDC-42A3-9474-1A3956D46DE8}") = "Cliente", "Cliente", "{DD08EBC6-9194-4630-ABE6-730401A93E00}"
EndProject
Project("{2150E333-8FDC-42A3-9474-1A3956D46DE8}") = "Identidade", "Identidade", "{9B58F88B-8CF5-42A9-86E4-AC4D2447DB4B}"
EndProject
Project("{2150E333-8FDC-42A3-9474-1A3956D46DE8}") = "Pagamento", "Pagamento", "{F0C29264-EBD7-46BA-B10E-881060ABA3DE}"
EndProject
Project("{2150E333-8FDC-42A3-9474-1A3956D46DE8}") = "Pedido", "Pedido", "{E4218A4F-D647-44A5-80FA-B33618D7F520}"
EndProject
Project("{FAE04EC0-301F-11D3-BF4B-00C04F79EFBC}") = "NSE.Core", "src\Building Blocks\Core\NSE.Core.csproj", "{9D13D866-A3F3-415E-ABCA-D38CFC7E725A}"
EndProject
Global
	GlobalSection(SolutionConfigurationPlatforms) = preSolution
		Debug|Any CPU = Debug|Any CPU
		Release|Any CPU = Release|Any CPU
	EndGlobalSection
	GlobalSection(ProjectConfigurationPlatforms) = postSolution
		{46D8EC12-6E6F-4C21-8A32-857350F70853}.Debug|Any CPU.ActiveCfg = Debug|Any CPU
		{46D8EC12-6E6F-4C21-8A32-857350F70853}.Debug|Any CPU.Build.0 = Debug|Any CPU
		{46D8EC12-6E6F-4C21-8A32-857350F70853}.Release|Any CPU.ActiveCfg = Release|Any CPU
		{46D8EC12-6E6F-4C21-8A32-857350F70853}.Release|Any CPU.Build.0 = Release|Any CPU
		{359A47B6-62F4-4297-8BE2-EAEA7C8840C1}.Debug|Any CPU.ActiveCfg = Debug|Any CPU
		{359A47B6-62F4-4297-8BE2-EAEA7C8840C1}.Debug|Any CPU.Build.0 = Debug|Any CPU
		{359A47B6-62F4-4297-8BE2-EAEA7C8840C1}.Release|Any CPU.ActiveCfg = Release|Any CPU
		{359A47B6-62F4-4297-8BE2-EAEA7C8840C1}.Release|Any CPU.Build.0 = Release|Any CPU
		{C8786ADC-0DA9-4EA1-A712-992A764C899A}.Debug|Any CPU.ActiveCfg = Debug|Any CPU
		{C8786ADC-0DA9-4EA1-A712-992A764C899A}.Debug|Any CPU.Build.0 = Debug|Any CPU
		{C8786ADC-0DA9-4EA1-A712-992A764C899A}.Release|Any CPU.ActiveCfg = Release|Any CPU
		{C8786ADC-0DA9-4EA1-A712-992A764C899A}.Release|Any CPU.Build.0 = Release|Any CPU
		{131AD5BB-2C92-4D8B-BACC-8BA0A5D03E4B}.Debug|Any CPU.ActiveCfg = Debug|Any CPU
		{131AD5BB-2C92-4D8B-BACC-8BA0A5D03E4B}.Debug|Any CPU.Build.0 = Debug|Any CPU
		{131AD5BB-2C92-4D8B-BACC-8BA0A5D03E4B}.Release|Any CPU.ActiveCfg = Release|Any CPU
		{131AD5BB-2C92-4D8B-BACC-8BA0A5D03E4B}.Release|Any CPU.Build.0 = Release|Any CPU
		{006A2C71-4A77-4D95-9CA7-C32676DCBF71}.Debug|Any CPU.ActiveCfg = Debug|Any CPU
		{006A2C71-4A77-4D95-9CA7-C32676DCBF71}.Debug|Any CPU.Build.0 = Debug|Any CPU
		{006A2C71-4A77-4D95-9CA7-C32676DCBF71}.Release|Any CPU.ActiveCfg = Release|Any CPU
		{006A2C71-4A77-4D95-9CA7-C32676DCBF71}.Release|Any CPU.Build.0 = Release|Any CPU
		{D2634914-CA02-4346-A0B0-5932A777A0B3}.Debug|Any CPU.ActiveCfg = Debug|Any CPU
		{D2634914-CA02-4346-A0B0-5932A777A0B3}.Debug|Any CPU.Build.0 = Debug|Any CPU
		{D2634914-CA02-4346-A0B0-5932A777A0B3}.Release|Any CPU.ActiveCfg = Release|Any CPU
		{D2634914-CA02-4346-A0B0-5932A777A0B3}.Release|Any CPU.Build.0 = Release|Any CPU
		{F6F71F21-27FE-47E3-A699-8C535C2DB7CA}.Debug|Any CPU.ActiveCfg = Debug|Any CPU
		{F6F71F21-27FE-47E3-A699-8C535C2DB7CA}.Debug|Any CPU.Build.0 = Debug|Any CPU
		{F6F71F21-27FE-47E3-A699-8C535C2DB7CA}.Release|Any CPU.ActiveCfg = Release|Any CPU
		{F6F71F21-27FE-47E3-A699-8C535C2DB7CA}.Release|Any CPU.Build.0 = Release|Any CPU
		{9D13D866-A3F3-415E-ABCA-D38CFC7E725A}.Debug|Any CPU.ActiveCfg = Debug|Any CPU
		{9D13D866-A3F3-415E-ABCA-D38CFC7E725A}.Debug|Any CPU.Build.0 = Debug|Any CPU
		{9D13D866-A3F3-415E-ABCA-D38CFC7E725A}.Release|Any CPU.ActiveCfg = Release|Any CPU
		{9D13D866-A3F3-415E-ABCA-D38CFC7E725A}.Release|Any CPU.Build.0 = Release|Any CPU
	EndGlobalSection
	GlobalSection(SolutionProperties) = preSolution
		HideSolutionNode = FALSE
	EndGlobalSection
	GlobalSection(NestedProjects) = preSolution
		{8530C695-05A5-4D9D-9156-D59A01D5B9C4} = {CE0C3CD8-99C6-4480-BD12-F08A7B5E1C09}
		{B3952633-F430-4513-B3BC-0E66083A0C88} = {CE0C3CD8-99C6-4480-BD12-F08A7B5E1C09}
		{ED9F4707-22B5-4C8A-95A8-7DC723C0CE9E} = {CE0C3CD8-99C6-4480-BD12-F08A7B5E1C09}
		{46D8EC12-6E6F-4C21-8A32-857350F70853} = {9B58F88B-8CF5-42A9-86E4-AC4D2447DB4B}
		{BE359FFF-DCE1-4C8F-8521-EF12A6C89782} = {ED9F4707-22B5-4C8A-95A8-7DC723C0CE9E}
		{359A47B6-62F4-4297-8BE2-EAEA7C8840C1} = {BE359FFF-DCE1-4C8F-8521-EF12A6C89782}
		{C8786ADC-0DA9-4EA1-A712-992A764C899A} = {4B0F91C0-7743-4D5F-8F18-6F797674CD7E}
		{131AD5BB-2C92-4D8B-BACC-8BA0A5D03E4B} = {357C7572-050A-4AE1-95BA-56E548C6BF95}
		{006A2C71-4A77-4D95-9CA7-C32676DCBF71} = {DD08EBC6-9194-4630-ABE6-730401A93E00}
		{D2634914-CA02-4346-A0B0-5932A777A0B3} = {F0C29264-EBD7-46BA-B10E-881060ABA3DE}
		{F6F71F21-27FE-47E3-A699-8C535C2DB7CA} = {E4218A4F-D647-44A5-80FA-B33618D7F520}
		{4B0F91C0-7743-4D5F-8F18-6F797674CD7E} = {B3952633-F430-4513-B3BC-0E66083A0C88}
		{357C7572-050A-4AE1-95BA-56E548C6BF95} = {B3952633-F430-4513-B3BC-0E66083A0C88}
		{DD08EBC6-9194-4630-ABE6-730401A93E00} = {B3952633-F430-4513-B3BC-0E66083A0C88}
		{9B58F88B-8CF5-42A9-86E4-AC4D2447DB4B} = {B3952633-F430-4513-B3BC-0E66083A0C88}
		{F0C29264-EBD7-46BA-B10E-881060ABA3DE} = {B3952633-F430-4513-B3BC-0E66083A0C88}
		{E4218A4F-D647-44A5-80FA-B33618D7F520} = {B3952633-F430-4513-B3BC-0E66083A0C88}
		{9D13D866-A3F3-415E-ABCA-D38CFC7E725A} = {8530C695-05A5-4D9D-9156-D59A01D5B9C4}
	EndGlobalSection
	GlobalSection(ExtensibilityGlobals) = postSolution
		SolutionGuid = {A52A8A13-7811-4FAB-AA1D-1F73E058B6A4}
	EndGlobalSection
EndGlobal
