
Microsoft Visual Studio Solution File, Format Version 12.00
# Visual Studio Version 17
VisualStudioVersion = 17.1.32407.343
MinimumVisualStudioVersion = 10.0.40219.1
Project("{2150E333-8FDC-42A3-9474-1A3956D46DE8}") = "src", "src", "{CE0C3CD8-99C6-4480-BD12-F08A7B5E1C09}"
EndProject
Project("{2150E333-8FDC-42A3-9474-1A3956D46DE8}") = "building Blocks", "building Blocks", "{8530C695-05A5-4D9D-9156-D59A01D5B9C4}"
EndProject
Project("{2150E333-8FDC-42A3-9474-1A3956D46DE8}") = "Services", "Services", "{B3952633-F430-4513-B3BC-0E66083A0C88}"
EndProject
Project("{2150E333-8FDC-42A3-9474-1A3956D46DE8}") = "Web", "Web", "{ED9F4707-22B5-4C8A-95A8-7DC723C0CE9E}"
EndProject
Project("{2150E333-8FDC-42A3-9474-1A3956D46DE8}") = "MVC", "MVC", "{BE359FFF-DCE1-4C8F-8521-EF12A6C89782}"
EndProject
Project("{9A19103F-16F7-4668-BE54-9A1E7A4F7556}") = "NSE.WebApp.MVC", "src\Web\MVC\NSE.WebApp.MVC\NSE.WebApp.MVC.csproj", "{359A47B6-62F4-4297-8BE2-EAEA7C8840C1}"
EndProject
Project("{2150E333-8FDC-42A3-9474-1A3956D46DE8}") = "Carrinho", "Carrinho", "{4B0F91C0-7743-4D5F-8F18-6F797674CD7E}"
EndProject
Project("{2150E333-8FDC-42A3-9474-1A3956D46DE8}") = "Catalogo", "Catalogo", "{357C7572-050A-4AE1-95BA-56E548C6BF95}"
EndProject
Project("{2150E333-8FDC-42A3-9474-1A3956D46DE8}") = "Cliente", "Cliente", "{DD08EBC6-9194-4630-ABE6-730401A93E00}"
EndProject
Project("{2150E333-8FDC-42A3-9474-1A3956D46DE8}") = "Identidade", "Identidade", "{9B58F88B-8CF5-42A9-86E4-AC4D2447DB4B}"
EndProject
Project("{2150E333-8FDC-42A3-9474-1A3956D46DE8}") = "Pagamento", "Pagamento", "{F0C29264-EBD7-46BA-B10E-881060ABA3DE}"
EndProject
Project("{2150E333-8FDC-42A3-9474-1A3956D46DE8}") = "Pedido", "Pedido", "{E4218A4F-D647-44A5-80FA-B33618D7F520}"
EndProject
Project("{9A19103F-16F7-4668-BE54-9A1E7A4F7556}") = "NSE.Core", "src\Building Blocks\Core\NSE.Core.csproj", "{9D13D866-A3F3-415E-ABCA-D38CFC7E725A}"
EndProject
Project("{9A19103F-16F7-4668-BE54-9A1E7A4F7556}") = "NSE.Carrinho.API", "src\Services\Carrinho\NSE.Carrinho.Api\NSE.Carrinho.API.csproj", "{1AE35CC3-27F1-4256-BC44-A945A946081E}"
EndProject
Project("{9A19103F-16F7-4668-BE54-9A1E7A4F7556}") = "NSE.Catalogo.API", "src\Services\Catalogo\NSE.Catalogo.API\NSE.Catalogo.API.csproj", "{2498ADD5-3A2F-4FD1-A25A-D64744A28C42}"
EndProject
Project("{9A19103F-16F7-4668-BE54-9A1E7A4F7556}") = "NSE.Cliente.API", "src\Services\Cliente\NSE.Cliente.API\NSE.Cliente.API.csproj", "{736D360A-CC63-4063-8DA1-F94425F87FB8}"
EndProject
Project("{9A19103F-16F7-4668-BE54-9A1E7A4F7556}") = "NSE.Identidade.API", "src\Services\Identidade\NSE.Identidade.API\NSE.Identidade.API.csproj", "{1C544F97-4708-43B5-BE37-F48E816A0C99}"
EndProject
Project("{9A19103F-16F7-4668-BE54-9A1E7A4F7556}") = "NSE.Pagamento.API", "src\Services\Pagamento\NSE.Pagamento.API\NSE.Pagamento.API.csproj", "{D154F18D-DF7E-429C-BBB9-A38CCEE2B57C}"
EndProject
Project("{9A19103F-16F7-4668-BE54-9A1E7A4F7556}") = "NSE.Pedido.API", "src\Services\Pedido\NSE.Pedido.API\NSE.Pedido.API.csproj", "{6281026C-3C1F-4799-A92E-A191107D2C4B}"
EndProject
Project("{2150E333-8FDC-42A3-9474-1A3956D46DE8}") = "Services", "Services", "{304DEB5F-0B72-4F81-AB16-053371178702}"
EndProject
Project("{FAE04EC0-301F-11D3-BF4B-00C04F79EFBC}") = "NSE.WebApi.Core", "src\Building Blocks\Services\NSE.WebApi.Core\NSE.WebApi.Core.csproj", "{9B956E57-5A7E-40F0-BD34-5E03EEA4600D}"
EndProject
Global
	GlobalSection(SolutionConfigurationPlatforms) = preSolution
		Debug|Any CPU = Debug|Any CPU
		Release|Any CPU = Release|Any CPU
	EndGlobalSection
	GlobalSection(ProjectConfigurationPlatforms) = postSolution
		{359A47B6-62F4-4297-8BE2-EAEA7C8840C1}.Debug|Any CPU.ActiveCfg = Debug|Any CPU
		{359A47B6-62F4-4297-8BE2-EAEA7C8840C1}.Debug|Any CPU.Build.0 = Debug|Any CPU
		{359A47B6-62F4-4297-8BE2-EAEA7C8840C1}.Release|Any CPU.ActiveCfg = Release|Any CPU
		{359A47B6-62F4-4297-8BE2-EAEA7C8840C1}.Release|Any CPU.Build.0 = Release|Any CPU
		{9D13D866-A3F3-415E-ABCA-D38CFC7E725A}.Debug|Any CPU.ActiveCfg = Debug|Any CPU
		{9D13D866-A3F3-415E-ABCA-D38CFC7E725A}.Debug|Any CPU.Build.0 = Debug|Any CPU
		{9D13D866-A3F3-415E-ABCA-D38CFC7E725A}.Release|Any CPU.ActiveCfg = Release|Any CPU
		{9D13D866-A3F3-415E-ABCA-D38CFC7E725A}.Release|Any CPU.Build.0 = Release|Any CPU
		{1AE35CC3-27F1-4256-BC44-A945A946081E}.Debug|Any CPU.ActiveCfg = Debug|Any CPU
		{1AE35CC3-27F1-4256-BC44-A945A946081E}.Debug|Any CPU.Build.0 = Debug|Any CPU
		{1AE35CC3-27F1-4256-BC44-A945A946081E}.Release|Any CPU.ActiveCfg = Release|Any CPU
		{1AE35CC3-27F1-4256-BC44-A945A946081E}.Release|Any CPU.Build.0 = Release|Any CPU
		{2498ADD5-3A2F-4FD1-A25A-D64744A28C42}.Debug|Any CPU.ActiveCfg = Debug|Any CPU
		{2498ADD5-3A2F-4FD1-A25A-D64744A28C42}.Debug|Any CPU.Build.0 = Debug|Any CPU
		{2498ADD5-3A2F-4FD1-A25A-D64744A28C42}.Release|Any CPU.ActiveCfg = Release|Any CPU
		{2498ADD5-3A2F-4FD1-A25A-D64744A28C42}.Release|Any CPU.Build.0 = Release|Any CPU
		{736D360A-CC63-4063-8DA1-F94425F87FB8}.Debug|Any CPU.ActiveCfg = Debug|Any CPU
		{736D360A-CC63-4063-8DA1-F94425F87FB8}.Debug|Any CPU.Build.0 = Debug|Any CPU
		{736D360A-CC63-4063-8DA1-F94425F87FB8}.Release|Any CPU.ActiveCfg = Release|Any CPU
		{736D360A-CC63-4063-8DA1-F94425F87FB8}.Release|Any CPU.Build.0 = Release|Any CPU
		{1C544F97-4708-43B5-BE37-F48E816A0C99}.Debug|Any CPU.ActiveCfg = Debug|Any CPU
		{1C544F97-4708-43B5-BE37-F48E816A0C99}.Debug|Any CPU.Build.0 = Debug|Any CPU
		{1C544F97-4708-43B5-BE37-F48E816A0C99}.Release|Any CPU.ActiveCfg = Release|Any CPU
		{1C544F97-4708-43B5-BE37-F48E816A0C99}.Release|Any CPU.Build.0 = Release|Any CPU
		{D154F18D-DF7E-429C-BBB9-A38CCEE2B57C}.Debug|Any CPU.ActiveCfg = Debug|Any CPU
		{D154F18D-DF7E-429C-BBB9-A38CCEE2B57C}.Debug|Any CPU.Build.0 = Debug|Any CPU
		{D154F18D-DF7E-429C-BBB9-A38CCEE2B57C}.Release|Any CPU.ActiveCfg = Release|Any CPU
		{D154F18D-DF7E-429C-BBB9-A38CCEE2B57C}.Release|Any CPU.Build.0 = Release|Any CPU
		{6281026C-3C1F-4799-A92E-A191107D2C4B}.Debug|Any CPU.ActiveCfg = Debug|Any CPU
		{6281026C-3C1F-4799-A92E-A191107D2C4B}.Debug|Any CPU.Build.0 = Debug|Any CPU
		{6281026C-3C1F-4799-A92E-A191107D2C4B}.Release|Any CPU.ActiveCfg = Release|Any CPU
		{6281026C-3C1F-4799-A92E-A191107D2C4B}.Release|Any CPU.Build.0 = Release|Any CPU
		{9B956E57-5A7E-40F0-BD34-5E03EEA4600D}.Debug|Any CPU.ActiveCfg = Debug|Any CPU
		{9B956E57-5A7E-40F0-BD34-5E03EEA4600D}.Debug|Any CPU.Build.0 = Debug|Any CPU
		{9B956E57-5A7E-40F0-BD34-5E03EEA4600D}.Release|Any CPU.ActiveCfg = Release|Any CPU
		{9B956E57-5A7E-40F0-BD34-5E03EEA4600D}.Release|Any CPU.Build.0 = Release|Any CPU
	EndGlobalSection
	GlobalSection(SolutionProperties) = preSolution
		HideSolutionNode = FALSE
	EndGlobalSection
	GlobalSection(NestedProjects) = preSolution
		{8530C695-05A5-4D9D-9156-D59A01D5B9C4} = {CE0C3CD8-99C6-4480-BD12-F08A7B5E1C09}
		{B3952633-F430-4513-B3BC-0E66083A0C88} = {CE0C3CD8-99C6-4480-BD12-F08A7B5E1C09}
		{ED9F4707-22B5-4C8A-95A8-7DC723C0CE9E} = {CE0C3CD8-99C6-4480-BD12-F08A7B5E1C09}
		{BE359FFF-DCE1-4C8F-8521-EF12A6C89782} = {ED9F4707-22B5-4C8A-95A8-7DC723C0CE9E}
		{359A47B6-62F4-4297-8BE2-EAEA7C8840C1} = {BE359FFF-DCE1-4C8F-8521-EF12A6C89782}
		{4B0F91C0-7743-4D5F-8F18-6F797674CD7E} = {B3952633-F430-4513-B3BC-0E66083A0C88}
		{357C7572-050A-4AE1-95BA-56E548C6BF95} = {B3952633-F430-4513-B3BC-0E66083A0C88}
		{DD08EBC6-9194-4630-ABE6-730401A93E00} = {B3952633-F430-4513-B3BC-0E66083A0C88}
		{9B58F88B-8CF5-42A9-86E4-AC4D2447DB4B} = {B3952633-F430-4513-B3BC-0E66083A0C88}
		{F0C29264-EBD7-46BA-B10E-881060ABA3DE} = {B3952633-F430-4513-B3BC-0E66083A0C88}
		{E4218A4F-D647-44A5-80FA-B33618D7F520} = {B3952633-F430-4513-B3BC-0E66083A0C88}
		{9D13D866-A3F3-415E-ABCA-D38CFC7E725A} = {8530C695-05A5-4D9D-9156-D59A01D5B9C4}
		{1AE35CC3-27F1-4256-BC44-A945A946081E} = {4B0F91C0-7743-4D5F-8F18-6F797674CD7E}
		{2498ADD5-3A2F-4FD1-A25A-D64744A28C42} = {357C7572-050A-4AE1-95BA-56E548C6BF95}
		{736D360A-CC63-4063-8DA1-F94425F87FB8} = {DD08EBC6-9194-4630-ABE6-730401A93E00}
		{1C544F97-4708-43B5-BE37-F48E816A0C99} = {9B58F88B-8CF5-42A9-86E4-AC4D2447DB4B}
		{D154F18D-DF7E-429C-BBB9-A38CCEE2B57C} = {F0C29264-EBD7-46BA-B10E-881060ABA3DE}
		{6281026C-3C1F-4799-A92E-A191107D2C4B} = {E4218A4F-D647-44A5-80FA-B33618D7F520}
		{304DEB5F-0B72-4F81-AB16-053371178702} = {8530C695-05A5-4D9D-9156-D59A01D5B9C4}
		{9B956E57-5A7E-40F0-BD34-5E03EEA4600D} = {304DEB5F-0B72-4F81-AB16-053371178702}
	EndGlobalSection
	GlobalSection(ExtensibilityGlobals) = postSolution
		SolutionGuid = {A52A8A13-7811-4FAB-AA1D-1F73E058B6A4}
	EndGlobalSection
EndGlobal
